
Microsoft Visual Studio Solution File, Format Version 12.00
Project("{FAE04EC0-301F-11D3-BF4B-00C04F79EFBC}") = "Web", "Web\Web.csproj", "{D34A25DF-3752-459D-9D9C-10DC6CB5056C}"
EndProject
Project("{FAE04EC0-301F-11D3-BF4B-00C04F79EFBC}") = "Application", "Application\Application.csproj", "{97CE172B-5253-40BA-ADE6-18D101CDFF08}"
EndProject
Project("{FAE04EC0-301F-11D3-BF4B-00C04F79EFBC}") = "Infrastructure", "Infrastructure\Infrastructure.csproj", "{CBFF1A40-13DE-410C-BA89-783909CF522B}"
EndProject
Project("{FAE04EC0-301F-11D3-BF4B-00C04F79EFBC}") = "Domain", "Domain\Domain.csproj", "{1DEB2088-BEFE-4547-A7C8-A1EF2A88FF26}"
EndProject
Global
	GlobalSection(SolutionConfigurationPlatforms) = preSolution
		Debug|Any CPU = Debug|Any CPU
		Release|Any CPU = Release|Any CPU
	EndGlobalSection
	GlobalSection(ProjectConfigurationPlatforms) = postSolution
		{D34A25DF-3752-459D-9D9C-10DC6CB5056C}.Debug|Any CPU.ActiveCfg = Debug|Any CPU
		{D34A25DF-3752-459D-9D9C-10DC6CB5056C}.Debug|Any CPU.Build.0 = Debug|Any CPU
		{D34A25DF-3752-459D-9D9C-10DC6CB5056C}.Release|Any CPU.ActiveCfg = Release|Any CPU
		{D34A25DF-3752-459D-9D9C-10DC6CB5056C}.Release|Any CPU.Build.0 = Release|Any CPU
		{97CE172B-5253-40BA-ADE6-18D101CDFF08}.Debug|Any CPU.ActiveCfg = Debug|Any CPU
		{97CE172B-5253-40BA-ADE6-18D101CDFF08}.Debug|Any CPU.Build.0 = Debug|Any CPU
		{97CE172B-5253-40BA-ADE6-18D101CDFF08}.Release|Any CPU.ActiveCfg = Release|Any CPU
		{97CE172B-5253-40BA-ADE6-18D101CDFF08}.Release|Any CPU.Build.0 = Release|Any CPU
		{CBFF1A40-13DE-410C-BA89-783909CF522B}.Debug|Any CPU.ActiveCfg = Debug|Any CPU
		{CBFF1A40-13DE-410C-BA89-783909CF522B}.Debug|Any CPU.Build.0 = Debug|Any CPU
		{CBFF1A40-13DE-410C-BA89-783909CF522B}.Release|Any CPU.ActiveCfg = Release|Any CPU
		{CBFF1A40-13DE-410C-BA89-783909CF522B}.Release|Any CPU.Build.0 = Release|Any CPU
		{1DEB2088-BEFE-4547-A7C8-A1EF2A88FF26}.Debug|Any CPU.ActiveCfg = Debug|Any CPU
		{1DEB2088-BEFE-4547-A7C8-A1EF2A88FF26}.Debug|Any CPU.Build.0 = Debug|Any CPU
		{1DEB2088-BEFE-4547-A7C8-A1EF2A88FF26}.Release|Any CPU.ActiveCfg = Release|Any CPU
		{1DEB2088-BEFE-4547-A7C8-A1EF2A88FF26}.Release|Any CPU.Build.0 = Release|Any CPU
	EndGlobalSection
EndGlobal
